// !$*UTF8*$!
{
	archiveVersion = 1;
	classes = {
	};
	objectVersion = 55;
	objects = {

/* Begin PBXBuildFile section */
		ADC6521B2852B7AE00F81AF0 /* AppDelegate.swift in Sources */ = {isa = PBXBuildFile; fileRef = ADC6521A2852B7AE00F81AF0 /* AppDelegate.swift */; };
		ADC6521D2852B7AE00F81AF0 /* SceneDelegate.swift in Sources */ = {isa = PBXBuildFile; fileRef = ADC6521C2852B7AE00F81AF0 /* SceneDelegate.swift */; };
		ADC652242852B7AF00F81AF0 /* Assets.xcassets in Resources */ = {isa = PBXBuildFile; fileRef = ADC652232852B7AF00F81AF0 /* Assets.xcassets */; };
		ADC652272852B7AF00F81AF0 /* LaunchScreen.storyboard in Resources */ = {isa = PBXBuildFile; fileRef = ADC652252852B7AF00F81AF0 /* LaunchScreen.storyboard */; };
		ADC652322852B7B000F81AF0 /* ProtocolPatternWithTMDBTests.swift in Sources */ = {isa = PBXBuildFile; fileRef = ADC652312852B7B000F81AF0 /* ProtocolPatternWithTMDBTests.swift */; };
		ADC6523C2852B7B000F81AF0 /* ProtocolPatternWithTMDBUITests.swift in Sources */ = {isa = PBXBuildFile; fileRef = ADC6523B2852B7B000F81AF0 /* ProtocolPatternWithTMDBUITests.swift */; };
		ADC6523E2852B7B000F81AF0 /* ProtocolPatternWithTMDBUITestsLaunchTests.swift in Sources */ = {isa = PBXBuildFile; fileRef = ADC6523D2852B7B000F81AF0 /* ProtocolPatternWithTMDBUITestsLaunchTests.swift */; };
		ADC6524C2852B86300F81AF0 /* MovieMainViewController.swift in Sources */ = {isa = PBXBuildFile; fileRef = ADC6524B2852B86300F81AF0 /* MovieMainViewController.swift */; };
		ADC6524F2852B8D400F81AF0 /* SnapKit in Frameworks */ = {isa = PBXBuildFile; productRef = ADC6524E2852B8D400F81AF0 /* SnapKit */; };
		ADC652522852B8F800F81AF0 /* RxCocoa in Frameworks */ = {isa = PBXBuildFile; productRef = ADC652512852B8F800F81AF0 /* RxCocoa */; };
		ADC652542852B8F800F81AF0 /* RxRelay in Frameworks */ = {isa = PBXBuildFile; productRef = ADC652532852B8F800F81AF0 /* RxRelay */; };
		ADC652562852B8F800F81AF0 /* RxSwift in Frameworks */ = {isa = PBXBuildFile; productRef = ADC652552852B8F800F81AF0 /* RxSwift */; };
		ADC652582852B8F800F81AF0 /* RxTest in Frameworks */ = {isa = PBXBuildFile; productRef = ADC652572852B8F800F81AF0 /* RxTest */; };
/* End PBXBuildFile section */

/* Begin PBXContainerItemProxy section */
		ADC6522E2852B7B000F81AF0 /* PBXContainerItemProxy */ = {
			isa = PBXContainerItemProxy;
			containerPortal = ADC6520F2852B7AE00F81AF0 /* Project object */;
			proxyType = 1;
			remoteGlobalIDString = ADC652162852B7AE00F81AF0;
			remoteInfo = ProtocolPatternWithTMDB;
		};
		ADC652382852B7B000F81AF0 /* PBXContainerItemProxy */ = {
			isa = PBXContainerItemProxy;
			containerPortal = ADC6520F2852B7AE00F81AF0 /* Project object */;
			proxyType = 1;
			remoteGlobalIDString = ADC652162852B7AE00F81AF0;
			remoteInfo = ProtocolPatternWithTMDB;
		};
/* End PBXContainerItemProxy section */

/* Begin PBXFileReference section */
		ADC652172852B7AE00F81AF0 /* ProtocolPatternWithTMDB.app */ = {isa = PBXFileReference; explicitFileType = wrapper.application; includeInIndex = 0; path = ProtocolPatternWithTMDB.app; sourceTree = BUILT_PRODUCTS_DIR; };
		ADC6521A2852B7AE00F81AF0 /* AppDelegate.swift */ = {isa = PBXFileReference; lastKnownFileType = sourcecode.swift; path = AppDelegate.swift; sourceTree = "<group>"; };
		ADC6521C2852B7AE00F81AF0 /* SceneDelegate.swift */ = {isa = PBXFileReference; lastKnownFileType = sourcecode.swift; path = SceneDelegate.swift; sourceTree = "<group>"; };
		ADC652232852B7AF00F81AF0 /* Assets.xcassets */ = {isa = PBXFileReference; lastKnownFileType = folder.assetcatalog; path = Assets.xcassets; sourceTree = "<group>"; };
		ADC652262852B7AF00F81AF0 /* Base */ = {isa = PBXFileReference; lastKnownFileType = file.storyboard; name = Base; path = Base.lproj/LaunchScreen.storyboard; sourceTree = "<group>"; };
		ADC652282852B7AF00F81AF0 /* Info.plist */ = {isa = PBXFileReference; lastKnownFileType = text.plist.xml; path = Info.plist; sourceTree = "<group>"; };
		ADC6522D2852B7B000F81AF0 /* ProtocolPatternWithTMDBTests.xctest */ = {isa = PBXFileReference; explicitFileType = wrapper.cfbundle; includeInIndex = 0; path = ProtocolPatternWithTMDBTests.xctest; sourceTree = BUILT_PRODUCTS_DIR; };
		ADC652312852B7B000F81AF0 /* ProtocolPatternWithTMDBTests.swift */ = {isa = PBXFileReference; lastKnownFileType = sourcecode.swift; path = ProtocolPatternWithTMDBTests.swift; sourceTree = "<group>"; };
		ADC652372852B7B000F81AF0 /* ProtocolPatternWithTMDBUITests.xctest */ = {isa = PBXFileReference; explicitFileType = wrapper.cfbundle; includeInIndex = 0; path = ProtocolPatternWithTMDBUITests.xctest; sourceTree = BUILT_PRODUCTS_DIR; };
		ADC6523B2852B7B000F81AF0 /* ProtocolPatternWithTMDBUITests.swift */ = {isa = PBXFileReference; lastKnownFileType = sourcecode.swift; path = ProtocolPatternWithTMDBUITests.swift; sourceTree = "<group>"; };
		ADC6523D2852B7B000F81AF0 /* ProtocolPatternWithTMDBUITestsLaunchTests.swift */ = {isa = PBXFileReference; lastKnownFileType = sourcecode.swift; path = ProtocolPatternWithTMDBUITestsLaunchTests.swift; sourceTree = "<group>"; };
		ADC6524B2852B86300F81AF0 /* MovieMainViewController.swift */ = {isa = PBXFileReference; lastKnownFileType = sourcecode.swift; path = MovieMainViewController.swift; sourceTree = "<group>"; };
/* End PBXFileReference section */

/* Begin PBXFrameworksBuildPhase section */
		ADC652142852B7AE00F81AF0 /* Frameworks */ = {
			isa = PBXFrameworksBuildPhase;
			buildActionMask = 2147483647;
			files = (
				ADC652582852B8F800F81AF0 /* RxTest in Frameworks */,
				ADC652542852B8F800F81AF0 /* RxRelay in Frameworks */,
				ADC652522852B8F800F81AF0 /* RxCocoa in Frameworks */,
				ADC652562852B8F800F81AF0 /* RxSwift in Frameworks */,
				ADC6524F2852B8D400F81AF0 /* SnapKit in Frameworks */,
			);
			runOnlyForDeploymentPostprocessing = 0;
		};
		ADC6522A2852B7B000F81AF0 /* Frameworks */ = {
			isa = PBXFrameworksBuildPhase;
			buildActionMask = 2147483647;
			files = (
			);
			runOnlyForDeploymentPostprocessing = 0;
		};
		ADC652342852B7B000F81AF0 /* Frameworks */ = {
			isa = PBXFrameworksBuildPhase;
			buildActionMask = 2147483647;
			files = (
			);
			runOnlyForDeploymentPostprocessing = 0;
		};
/* End PBXFrameworksBuildPhase section */

/* Begin PBXGroup section */
		ADC6520E2852B7AE00F81AF0 = {
			isa = PBXGroup;
			children = (
				ADC652192852B7AE00F81AF0 /* ProtocolPatternWithTMDB */,
				ADC652302852B7B000F81AF0 /* ProtocolPatternWithTMDBTests */,
				ADC6523A2852B7B000F81AF0 /* ProtocolPatternWithTMDBUITests */,
				ADC652182852B7AE00F81AF0 /* Products */,
			);
			sourceTree = "<group>";
		};
		ADC652182852B7AE00F81AF0 /* Products */ = {
			isa = PBXGroup;
			children = (
				ADC652172852B7AE00F81AF0 /* ProtocolPatternWithTMDB.app */,
				ADC6522D2852B7B000F81AF0 /* ProtocolPatternWithTMDBTests.xctest */,
				ADC652372852B7B000F81AF0 /* ProtocolPatternWithTMDBUITests.xctest */,
			);
			name = Products;
			sourceTree = "<group>";
		};
		ADC652192852B7AE00F81AF0 /* ProtocolPatternWithTMDB */ = {
			isa = PBXGroup;
			children = (
				ADC6524A2852B84C00F81AF0 /* Scene */,
				ADC6521A2852B7AE00F81AF0 /* AppDelegate.swift */,
				ADC6521C2852B7AE00F81AF0 /* SceneDelegate.swift */,
				ADC652232852B7AF00F81AF0 /* Assets.xcassets */,
				ADC652252852B7AF00F81AF0 /* LaunchScreen.storyboard */,
				ADC652282852B7AF00F81AF0 /* Info.plist */,
			);
			path = ProtocolPatternWithTMDB;
			sourceTree = "<group>";
		};
		ADC652302852B7B000F81AF0 /* ProtocolPatternWithTMDBTests */ = {
			isa = PBXGroup;
			children = (
				ADC652312852B7B000F81AF0 /* ProtocolPatternWithTMDBTests.swift */,
			);
			path = ProtocolPatternWithTMDBTests;
			sourceTree = "<group>";
		};
		ADC6523A2852B7B000F81AF0 /* ProtocolPatternWithTMDBUITests */ = {
			isa = PBXGroup;
			children = (
				ADC6523B2852B7B000F81AF0 /* ProtocolPatternWithTMDBUITests.swift */,
				ADC6523D2852B7B000F81AF0 /* ProtocolPatternWithTMDBUITestsLaunchTests.swift */,
			);
			path = ProtocolPatternWithTMDBUITests;
			sourceTree = "<group>";
		};
		ADC6524A2852B84C00F81AF0 /* Scene */ = {
			isa = PBXGroup;
			children = (
				ADC6524B2852B86300F81AF0 /* MovieMainViewController.swift */,
			);
			path = Scene;
			sourceTree = "<group>";
		};
/* End PBXGroup section */

/* Begin PBXNativeTarget section */
		ADC652162852B7AE00F81AF0 /* ProtocolPatternWithTMDB */ = {
			isa = PBXNativeTarget;
			buildConfigurationList = ADC652412852B7B000F81AF0 /* Build configuration list for PBXNativeTarget "ProtocolPatternWithTMDB" */;
			buildPhases = (
				ADC652132852B7AE00F81AF0 /* Sources */,
				ADC652142852B7AE00F81AF0 /* Frameworks */,
				ADC652152852B7AE00F81AF0 /* Resources */,
			);
			buildRules = (
			);
			dependencies = (
			);
			name = ProtocolPatternWithTMDB;
			packageProductDependencies = (
				ADC6524E2852B8D400F81AF0 /* SnapKit */,
				ADC652512852B8F800F81AF0 /* RxCocoa */,
				ADC652532852B8F800F81AF0 /* RxRelay */,
				ADC652552852B8F800F81AF0 /* RxSwift */,
				ADC652572852B8F800F81AF0 /* RxTest */,
			);
			productName = ProtocolPatternWithTMDB;
			productReference = ADC652172852B7AE00F81AF0 /* ProtocolPatternWithTMDB.app */;
			productType = "com.apple.product-type.application";
		};
		ADC6522C2852B7B000F81AF0 /* ProtocolPatternWithTMDBTests */ = {
			isa = PBXNativeTarget;
			buildConfigurationList = ADC652442852B7B000F81AF0 /* Build configuration list for PBXNativeTarget "ProtocolPatternWithTMDBTests" */;
			buildPhases = (
				ADC652292852B7B000F81AF0 /* Sources */,
				ADC6522A2852B7B000F81AF0 /* Frameworks */,
				ADC6522B2852B7B000F81AF0 /* Resources */,
			);
			buildRules = (
			);
			dependencies = (
				ADC6522F2852B7B000F81AF0 /* PBXTargetDependency */,
			);
			name = ProtocolPatternWithTMDBTests;
			productName = ProtocolPatternWithTMDBTests;
			productReference = ADC6522D2852B7B000F81AF0 /* ProtocolPatternWithTMDBTests.xctest */;
			productType = "com.apple.product-type.bundle.unit-test";
		};
		ADC652362852B7B000F81AF0 /* ProtocolPatternWithTMDBUITests */ = {
			isa = PBXNativeTarget;
			buildConfigurationList = ADC652472852B7B000F81AF0 /* Build configuration list for PBXNativeTarget "ProtocolPatternWithTMDBUITests" */;
			buildPhases = (
				ADC652332852B7B000F81AF0 /* Sources */,
				ADC652342852B7B000F81AF0 /* Frameworks */,
				ADC652352852B7B000F81AF0 /* Resources */,
			);
			buildRules = (
			);
			dependencies = (
				ADC652392852B7B000F81AF0 /* PBXTargetDependency */,
			);
			name = ProtocolPatternWithTMDBUITests;
			productName = ProtocolPatternWithTMDBUITests;
			productReference = ADC652372852B7B000F81AF0 /* ProtocolPatternWithTMDBUITests.xctest */;
			productType = "com.apple.product-type.bundle.ui-testing";
		};
/* End PBXNativeTarget section */

/* Begin PBXProject section */
		ADC6520F2852B7AE00F81AF0 /* Project object */ = {
			isa = PBXProject;
			attributes = {
				BuildIndependentTargetsInParallel = 1;
				LastSwiftUpdateCheck = 1320;
				LastUpgradeCheck = 1320;
				TargetAttributes = {
					ADC652162852B7AE00F81AF0 = {
						CreatedOnToolsVersion = 13.2.1;
					};
					ADC6522C2852B7B000F81AF0 = {
						CreatedOnToolsVersion = 13.2.1;
						TestTargetID = ADC652162852B7AE00F81AF0;
					};
					ADC652362852B7B000F81AF0 = {
						CreatedOnToolsVersion = 13.2.1;
						TestTargetID = ADC652162852B7AE00F81AF0;
					};
				};
			};
			buildConfigurationList = ADC652122852B7AE00F81AF0 /* Build configuration list for PBXProject "ProtocolPatternWithTMDB" */;
			compatibilityVersion = "Xcode 13.0";
			developmentRegion = en;
			hasScannedForEncodings = 0;
			knownRegions = (
				en,
				Base,
			);
			mainGroup = ADC6520E2852B7AE00F81AF0;
			packageReferences = (
				ADC6524D2852B8D400F81AF0 /* XCRemoteSwiftPackageReference "SnapKit" */,
				ADC652502852B8F800F81AF0 /* XCRemoteSwiftPackageReference "RxSwift" */,
			);
			productRefGroup = ADC652182852B7AE00F81AF0 /* Products */;
			projectDirPath = "";
			projectRoot = "";
			targets = (
				ADC652162852B7AE00F81AF0 /* ProtocolPatternWithTMDB */,
				ADC6522C2852B7B000F81AF0 /* ProtocolPatternWithTMDBTests */,
				ADC652362852B7B000F81AF0 /* ProtocolPatternWithTMDBUITests */,
			);
		};
/* End PBXProject section */

/* Begin PBXResourcesBuildPhase section */
		ADC652152852B7AE00F81AF0 /* Resources */ = {
			isa = PBXResourcesBuildPhase;
			buildActionMask = 2147483647;
			files = (
				ADC652272852B7AF00F81AF0 /* LaunchScreen.storyboard in Resources */,
				ADC652242852B7AF00F81AF0 /* Assets.xcassets in Resources */,
			);
			runOnlyForDeploymentPostprocessing = 0;
		};
		ADC6522B2852B7B000F81AF0 /* Resources */ = {
			isa = PBXResourcesBuildPhase;
			buildActionMask = 2147483647;
			files = (
			);
			runOnlyForDeploymentPostprocessing = 0;
		};
		ADC652352852B7B000F81AF0 /* Resources */ = {
			isa = PBXResourcesBuildPhase;
			buildActionMask = 2147483647;
			files = (
			);
			runOnlyForDeploymentPostprocessing = 0;
		};
/* End PBXResourcesBuildPhase section */

/* Begin PBXSourcesBuildPhase section */
		ADC652132852B7AE00F81AF0 /* Sources */ = {
			isa = PBXSourcesBuildPhase;
			buildActionMask = 2147483647;
			files = (
				ADC6524C2852B86300F81AF0 /* MovieMainViewController.swift in Sources */,
				ADC6521B2852B7AE00F81AF0 /* AppDelegate.swift in Sources */,
				ADC6521D2852B7AE00F81AF0 /* SceneDelegate.swift in Sources */,
			);
			runOnlyForDeploymentPostprocessing = 0;
		};
		ADC652292852B7B000F81AF0 /* Sources */ = {
			isa = PBXSourcesBuildPhase;
			buildActionMask = 2147483647;
			files = (
				ADC652322852B7B000F81AF0 /* ProtocolPatternWithTMDBTests.swift in Sources */,
			);
			runOnlyForDeploymentPostprocessing = 0;
		};
		ADC652332852B7B000F81AF0 /* Sources */ = {
			isa = PBXSourcesBuildPhase;
			buildActionMask = 2147483647;
			files = (
				ADC6523E2852B7B000F81AF0 /* ProtocolPatternWithTMDBUITestsLaunchTests.swift in Sources */,
				ADC6523C2852B7B000F81AF0 /* ProtocolPatternWithTMDBUITests.swift in Sources */,
			);
			runOnlyForDeploymentPostprocessing = 0;
		};
/* End PBXSourcesBuildPhase section */

/* Begin PBXTargetDependency section */
		ADC6522F2852B7B000F81AF0 /* PBXTargetDependency */ = {
			isa = PBXTargetDependency;
			target = ADC652162852B7AE00F81AF0 /* ProtocolPatternWithTMDB */;
			targetProxy = ADC6522E2852B7B000F81AF0 /* PBXContainerItemProxy */;
		};
		ADC652392852B7B000F81AF0 /* PBXTargetDependency */ = {
			isa = PBXTargetDependency;
			target = ADC652162852B7AE00F81AF0 /* ProtocolPatternWithTMDB */;
			targetProxy = ADC652382852B7B000F81AF0 /* PBXContainerItemProxy */;
		};
/* End PBXTargetDependency section */

/* Begin PBXVariantGroup section */
		ADC652252852B7AF00F81AF0 /* LaunchScreen.storyboard */ = {
			isa = PBXVariantGroup;
			children = (
				ADC652262852B7AF00F81AF0 /* Base */,
			);
			name = LaunchScreen.storyboard;
			sourceTree = "<group>";
		};
/* End PBXVariantGroup section */

/* Begin XCBuildConfiguration section */
		ADC6523F2852B7B000F81AF0 /* Debug */ = {
			isa = XCBuildConfiguration;
			buildSettings = {
				ALWAYS_SEARCH_USER_PATHS = NO;
				CLANG_ANALYZER_NONNULL = YES;
				CLANG_ANALYZER_NUMBER_OBJECT_CONVERSION = YES_AGGRESSIVE;
				CLANG_CXX_LANGUAGE_STANDARD = "gnu++17";
				CLANG_CXX_LIBRARY = "libc++";
				CLANG_ENABLE_MODULES = YES;
				CLANG_ENABLE_OBJC_ARC = YES;
				CLANG_ENABLE_OBJC_WEAK = YES;
				CLANG_WARN_BLOCK_CAPTURE_AUTORELEASING = YES;
				CLANG_WARN_BOOL_CONVERSION = YES;
				CLANG_WARN_COMMA = YES;
				CLANG_WARN_CONSTANT_CONVERSION = YES;
				CLANG_WARN_DEPRECATED_OBJC_IMPLEMENTATIONS = YES;
				CLANG_WARN_DIRECT_OBJC_ISA_USAGE = YES_ERROR;
				CLANG_WARN_DOCUMENTATION_COMMENTS = YES;
				CLANG_WARN_EMPTY_BODY = YES;
				CLANG_WARN_ENUM_CONVERSION = YES;
				CLANG_WARN_INFINITE_RECURSION = YES;
				CLANG_WARN_INT_CONVERSION = YES;
				CLANG_WARN_NON_LITERAL_NULL_CONVERSION = YES;
				CLANG_WARN_OBJC_IMPLICIT_RETAIN_SELF = YES;
				CLANG_WARN_OBJC_LITERAL_CONVERSION = YES;
				CLANG_WARN_OBJC_ROOT_CLASS = YES_ERROR;
				CLANG_WARN_QUOTED_INCLUDE_IN_FRAMEWORK_HEADER = YES;
				CLANG_WARN_RANGE_LOOP_ANALYSIS = YES;
				CLANG_WARN_STRICT_PROTOTYPES = YES;
				CLANG_WARN_SUSPICIOUS_MOVE = YES;
				CLANG_WARN_UNGUARDED_AVAILABILITY = YES_AGGRESSIVE;
				CLANG_WARN_UNREACHABLE_CODE = YES;
				CLANG_WARN__DUPLICATE_METHOD_MATCH = YES;
				COPY_PHASE_STRIP = NO;
				DEBUG_INFORMATION_FORMAT = dwarf;
				ENABLE_STRICT_OBJC_MSGSEND = YES;
				ENABLE_TESTABILITY = YES;
				GCC_C_LANGUAGE_STANDARD = gnu11;
				GCC_DYNAMIC_NO_PIC = NO;
				GCC_NO_COMMON_BLOCKS = YES;
				GCC_OPTIMIZATION_LEVEL = 0;
				GCC_PREPROCESSOR_DEFINITIONS = (
					"DEBUG=1",
					"$(inherited)",
				);
				GCC_WARN_64_TO_32_BIT_CONVERSION = YES;
				GCC_WARN_ABOUT_RETURN_TYPE = YES_ERROR;
				GCC_WARN_UNDECLARED_SELECTOR = YES;
				GCC_WARN_UNINITIALIZED_AUTOS = YES_AGGRESSIVE;
				GCC_WARN_UNUSED_FUNCTION = YES;
				GCC_WARN_UNUSED_VARIABLE = YES;
				IPHONEOS_DEPLOYMENT_TARGET = 15.2;
				MTL_ENABLE_DEBUG_INFO = INCLUDE_SOURCE;
				MTL_FAST_MATH = YES;
				ONLY_ACTIVE_ARCH = YES;
				SDKROOT = iphoneos;
				SWIFT_ACTIVE_COMPILATION_CONDITIONS = DEBUG;
				SWIFT_OPTIMIZATION_LEVEL = "-Onone";
			};
			name = Debug;
		};
		ADC652402852B7B000F81AF0 /* Release */ = {
			isa = XCBuildConfiguration;
			buildSettings = {
				ALWAYS_SEARCH_USER_PATHS = NO;
				CLANG_ANALYZER_NONNULL = YES;
				CLANG_ANALYZER_NUMBER_OBJECT_CONVERSION = YES_AGGRESSIVE;
				CLANG_CXX_LANGUAGE_STANDARD = "gnu++17";
				CLANG_CXX_LIBRARY = "libc++";
				CLANG_ENABLE_MODULES = YES;
				CLANG_ENABLE_OBJC_ARC = YES;
				CLANG_ENABLE_OBJC_WEAK = YES;
				CLANG_WARN_BLOCK_CAPTURE_AUTORELEASING = YES;
				CLANG_WARN_BOOL_CONVERSION = YES;
				CLANG_WARN_COMMA = YES;
				CLANG_WARN_CONSTANT_CONVERSION = YES;
				CLANG_WARN_DEPRECATED_OBJC_IMPLEMENTATIONS = YES;
				CLANG_WARN_DIRECT_OBJC_ISA_USAGE = YES_ERROR;
				CLANG_WARN_DOCUMENTATION_COMMENTS = YES;
				CLANG_WARN_EMPTY_BODY = YES;
				CLANG_WARN_ENUM_CONVERSION = YES;
				CLANG_WARN_INFINITE_RECURSION = YES;
				CLANG_WARN_INT_CONVERSION = YES;
				CLANG_WARN_NON_LITERAL_NULL_CONVERSION = YES;
				CLANG_WARN_OBJC_IMPLICIT_RETAIN_SELF = YES;
				CLANG_WARN_OBJC_LITERAL_CONVERSION = YES;
				CLANG_WARN_OBJC_ROOT_CLASS = YES_ERROR;
				CLANG_WARN_QUOTED_INCLUDE_IN_FRAMEWORK_HEADER = YES;
				CLANG_WARN_RANGE_LOOP_ANALYSIS = YES;
				CLANG_WARN_STRICT_PROTOTYPES = YES;
				CLANG_WARN_SUSPICIOUS_MOVE = YES;
				CLANG_WARN_UNGUARDED_AVAILABILITY = YES_AGGRESSIVE;
				CLANG_WARN_UNREACHABLE_CODE = YES;
				CLANG_WARN__DUPLICATE_METHOD_MATCH = YES;
				COPY_PHASE_STRIP = NO;
				DEBUG_INFORMATION_FORMAT = "dwarf-with-dsym";
				ENABLE_NS_ASSERTIONS = NO;
				ENABLE_STRICT_OBJC_MSGSEND = YES;
				GCC_C_LANGUAGE_STANDARD = gnu11;
				GCC_NO_COMMON_BLOCKS = YES;
				GCC_WARN_64_TO_32_BIT_CONVERSION = YES;
				GCC_WARN_ABOUT_RETURN_TYPE = YES_ERROR;
				GCC_WARN_UNDECLARED_SELECTOR = YES;
				GCC_WARN_UNINITIALIZED_AUTOS = YES_AGGRESSIVE;
				GCC_WARN_UNUSED_FUNCTION = YES;
				GCC_WARN_UNUSED_VARIABLE = YES;
				IPHONEOS_DEPLOYMENT_TARGET = 15.2;
				MTL_ENABLE_DEBUG_INFO = NO;
				MTL_FAST_MATH = YES;
				SDKROOT = iphoneos;
				SWIFT_COMPILATION_MODE = wholemodule;
				SWIFT_OPTIMIZATION_LEVEL = "-O";
				VALIDATE_PRODUCT = YES;
			};
			name = Release;
		};
		ADC652422852B7B000F81AF0 /* Debug */ = {
			isa = XCBuildConfiguration;
			buildSettings = {
				ASSETCATALOG_COMPILER_APPICON_NAME = AppIcon;
				ASSETCATALOG_COMPILER_GLOBAL_ACCENT_COLOR_NAME = AccentColor;
				CODE_SIGN_STYLE = Automatic;
				CURRENT_PROJECT_VERSION = 1;
				DEVELOPMENT_TEAM = HDFLLXK789;
				GENERATE_INFOPLIST_FILE = YES;
				INFOPLIST_FILE = ProtocolPatternWithTMDB/Info.plist;
				INFOPLIST_KEY_UIApplicationSupportsIndirectInputEvents = YES;
				INFOPLIST_KEY_UILaunchStoryboardName = LaunchScreen;
				INFOPLIST_KEY_UIMainStoryboardFile = "";
				INFOPLIST_KEY_UISupportedInterfaceOrientations_iPad = "UIInterfaceOrientationPortrait UIInterfaceOrientationPortraitUpsideDown UIInterfaceOrientationLandscapeLeft UIInterfaceOrientationLandscapeRight";
				INFOPLIST_KEY_UISupportedInterfaceOrientations_iPhone = "UIInterfaceOrientationPortrait UIInterfaceOrientationLandscapeLeft UIInterfaceOrientationLandscapeRight";
				LD_RUNPATH_SEARCH_PATHS = (
					"$(inherited)",
					"@executable_path/Frameworks",
				);
				MARKETING_VERSION = 1.0;
				PRODUCT_BUNDLE_IDENTIFIER = com.ycompany.ProtocolPatternWithTMDB;
				PRODUCT_NAME = "$(TARGET_NAME)";
				SWIFT_EMIT_LOC_STRINGS = YES;
				SWIFT_VERSION = 5.0;
				TARGETED_DEVICE_FAMILY = "1,2";
			};
			name = Debug;
		};
		ADC652432852B7B000F81AF0 /* Release */ = {
			isa = XCBuildConfiguration;
			buildSettings = {
				ASSETCATALOG_COMPILER_APPICON_NAME = AppIcon;
				ASSETCATALOG_COMPILER_GLOBAL_ACCENT_COLOR_NAME = AccentColor;
				CODE_SIGN_STYLE = Automatic;
				CURRENT_PROJECT_VERSION = 1;
				DEVELOPMENT_TEAM = HDFLLXK789;
				GENERATE_INFOPLIST_FILE = YES;
				INFOPLIST_FILE = ProtocolPatternWithTMDB/Info.plist;
				INFOPLIST_KEY_UIApplicationSupportsIndirectInputEvents = YES;
				INFOPLIST_KEY_UILaunchStoryboardName = LaunchScreen;
				INFOPLIST_KEY_UIMainStoryboardFile = "";
				INFOPLIST_KEY_UISupportedInterfaceOrientations_iPad = "UIInterfaceOrientationPortrait UIInterfaceOrientationPortraitUpsideDown UIInterfaceOrientationLandscapeLeft UIInterfaceOrientationLandscapeRight";
				INFOPLIST_KEY_UISupportedInterfaceOrientations_iPhone = "UIInterfaceOrientationPortrait UIInterfaceOrientationLandscapeLeft UIInterfaceOrientationLandscapeRight";
				LD_RUNPATH_SEARCH_PATHS = (
					"$(inherited)",
					"@executable_path/Frameworks",
				);
				MARKETING_VERSION = 1.0;
				PRODUCT_BUNDLE_IDENTIFIER = com.ycompany.ProtocolPatternWithTMDB;
				PRODUCT_NAME = "$(TARGET_NAME)";
				SWIFT_EMIT_LOC_STRINGS = YES;
				SWIFT_VERSION = 5.0;
				TARGETED_DEVICE_FAMILY = "1,2";
			};
			name = Release;
		};
		ADC652452852B7B000F81AF0 /* Debug */ = {
			isa = XCBuildConfiguration;
			buildSettings = {
				ALWAYS_EMBED_SWIFT_STANDARD_LIBRARIES = YES;
				BUNDLE_LOADER = "$(TEST_HOST)";
				CODE_SIGN_STYLE = Automatic;
				CURRENT_PROJECT_VERSION = 1;
				DEVELOPMENT_TEAM = HDFLLXK789;
				GENERATE_INFOPLIST_FILE = YES;
				IPHONEOS_DEPLOYMENT_TARGET = 15.2;
				MARKETING_VERSION = 1.0;
				PRODUCT_BUNDLE_IDENTIFIER = com.ycompany.ProtocolPatternWithTMDBTests;
				PRODUCT_NAME = "$(TARGET_NAME)";
				SWIFT_EMIT_LOC_STRINGS = NO;
				SWIFT_VERSION = 5.0;
				TARGETED_DEVICE_FAMILY = "1,2";
				TEST_HOST = "$(BUILT_PRODUCTS_DIR)/ProtocolPatternWithTMDB.app/ProtocolPatternWithTMDB";
			};
			name = Debug;
		};
		ADC652462852B7B000F81AF0 /* Release */ = {
			isa = XCBuildConfiguration;
			buildSettings = {
				ALWAYS_EMBED_SWIFT_STANDARD_LIBRARIES = YES;
				BUNDLE_LOADER = "$(TEST_HOST)";
				CODE_SIGN_STYLE = Automatic;
				CURRENT_PROJECT_VERSION = 1;
				DEVELOPMENT_TEAM = HDFLLXK789;
				GENERATE_INFOPLIST_FILE = YES;
				IPHONEOS_DEPLOYMENT_TARGET = 15.2;
				MARKETING_VERSION = 1.0;
				PRODUCT_BUNDLE_IDENTIFIER = com.ycompany.ProtocolPatternWithTMDBTests;
				PRODUCT_NAME = "$(TARGET_NAME)";
				SWIFT_EMIT_LOC_STRINGS = NO;
				SWIFT_VERSION = 5.0;
				TARGETED_DEVICE_FAMILY = "1,2";
				TEST_HOST = "$(BUILT_PRODUCTS_DIR)/ProtocolPatternWithTMDB.app/ProtocolPatternWithTMDB";
			};
			name = Release;
		};
		ADC652482852B7B000F81AF0 /* Debug */ = {
			isa = XCBuildConfiguration;
			buildSettings = {
				ALWAYS_EMBED_SWIFT_STANDARD_LIBRARIES = YES;
				CODE_SIGN_STYLE = Automatic;
				CURRENT_PROJECT_VERSION = 1;
				DEVELOPMENT_TEAM = HDFLLXK789;
				GENERATE_INFOPLIST_FILE = YES;
				MARKETING_VERSION = 1.0;
				PRODUCT_BUNDLE_IDENTIFIER = com.ycompany.ProtocolPatternWithTMDBUITests;
				PRODUCT_NAME = "$(TARGET_NAME)";
				SWIFT_EMIT_LOC_STRINGS = NO;
				SWIFT_VERSION = 5.0;
				TARGETED_DEVICE_FAMILY = "1,2";
				TEST_TARGET_NAME = ProtocolPatternWithTMDB;
			};
			name = Debug;
		};
		ADC652492852B7B000F81AF0 /* Release */ = {
			isa = XCBuildConfiguration;
			buildSettings = {
				ALWAYS_EMBED_SWIFT_STANDARD_LIBRARIES = YES;
				CODE_SIGN_STYLE = Automatic;
				CURRENT_PROJECT_VERSION = 1;
				DEVELOPMENT_TEAM = HDFLLXK789;
				GENERATE_INFOPLIST_FILE = YES;
				MARKETING_VERSION = 1.0;
				PRODUCT_BUNDLE_IDENTIFIER = com.ycompany.ProtocolPatternWithTMDBUITests;
				PRODUCT_NAME = "$(TARGET_NAME)";
				SWIFT_EMIT_LOC_STRINGS = NO;
				SWIFT_VERSION = 5.0;
				TARGETED_DEVICE_FAMILY = "1,2";
				TEST_TARGET_NAME = ProtocolPatternWithTMDB;
			};
			name = Release;
		};
/* End XCBuildConfiguration section */

/* Begin XCConfigurationList section */
		ADC652122852B7AE00F81AF0 /* Build configuration list for PBXProject "ProtocolPatternWithTMDB" */ = {
			isa = XCConfigurationList;
			buildConfigurations = (
				ADC6523F2852B7B000F81AF0 /* Debug */,
				ADC652402852B7B000F81AF0 /* Release */,
			);
			defaultConfigurationIsVisible = 0;
			defaultConfigurationName = Release;
		};
		ADC652412852B7B000F81AF0 /* Build configuration list for PBXNativeTarget "ProtocolPatternWithTMDB" */ = {
			isa = XCConfigurationList;
			buildConfigurations = (
				ADC652422852B7B000F81AF0 /* Debug */,
				ADC652432852B7B000F81AF0 /* Release */,
			);
			defaultConfigurationIsVisible = 0;
			defaultConfigurationName = Release;
		};
		ADC652442852B7B000F81AF0 /* Build configuration list for PBXNativeTarget "ProtocolPatternWithTMDBTests" */ = {
			isa = XCConfigurationList;
			buildConfigurations = (
				ADC652452852B7B000F81AF0 /* Debug */,
				ADC652462852B7B000F81AF0 /* Release */,
			);
			defaultConfigurationIsVisible = 0;
			defaultConfigurationName = Release;
		};
		ADC652472852B7B000F81AF0 /* Build configuration list for PBXNativeTarget "ProtocolPatternWithTMDBUITests" */ = {
			isa = XCConfigurationList;
			buildConfigurations = (
				ADC652482852B7B000F81AF0 /* Debug */,
				ADC652492852B7B000F81AF0 /* Release */,
			);
			defaultConfigurationIsVisible = 0;
			defaultConfigurationName = Release;
		};
/* End XCConfigurationList section */

/* Begin XCRemoteSwiftPackageReference section */
		ADC6524D2852B8D400F81AF0 /* XCRemoteSwiftPackageReference "SnapKit" */ = {
			isa = XCRemoteSwiftPackageReference;
			repositoryURL = "https://github.com/SnapKit/SnapKit.git";
			requirement = {
				kind = upToNextMajorVersion;
				minimumVersion = 5.0.0;
			};
		};
		ADC652502852B8F800F81AF0 /* XCRemoteSwiftPackageReference "RxSwift" */ = {
			isa = XCRemoteSwiftPackageReference;
			repositoryURL = "https://github.com/ReactiveX/RxSwift.git";
			requirement = {
				kind = upToNextMajorVersion;
				minimumVersion = 6.0.0;
			};
		};
/* End XCRemoteSwiftPackageReference section */

/* Begin XCSwiftPackageProductDependency section */
		ADC6524E2852B8D400F81AF0 /* SnapKit */ = {
			isa = XCSwiftPackageProductDependency;
			package = ADC6524D2852B8D400F81AF0 /* XCRemoteSwiftPackageReference "SnapKit" */;
			productName = SnapKit;
		};
		ADC652512852B8F800F81AF0 /* RxCocoa */ = {
			isa = XCSwiftPackageProductDependency;
			package = ADC652502852B8F800F81AF0 /* XCRemoteSwiftPackageReference "RxSwift" */;
			productName = RxCocoa;
		};
		ADC652532852B8F800F81AF0 /* RxRelay */ = {
			isa = XCSwiftPackageProductDependency;
			package = ADC652502852B8F800F81AF0 /* XCRemoteSwiftPackageReference "RxSwift" */;
			productName = RxRelay;
		};
		ADC652552852B8F800F81AF0 /* RxSwift */ = {
			isa = XCSwiftPackageProductDependency;
			package = ADC652502852B8F800F81AF0 /* XCRemoteSwiftPackageReference "RxSwift" */;
			productName = RxSwift;
		};
		ADC652572852B8F800F81AF0 /* RxTest */ = {
			isa = XCSwiftPackageProductDependency;
			package = ADC652502852B8F800F81AF0 /* XCRemoteSwiftPackageReference "RxSwift" */;
			productName = RxTest;
		};
/* End XCSwiftPackageProductDependency section */
	};
	rootObject = ADC6520F2852B7AE00F81AF0 /* Project object */;
}
